<?xml version="1.0" encoding="utf-8"?>
<Project ToolsVersion="4.0" xmlns="http://schemas.microsoft.com/developer/msbuild/2003">
  <ItemGroup>
    <Filter Include="Source">
      <UniqueIdentifier>{55ef5a1f-0aef-47f3-b6b8-bf9353cabf80}</UniqueIdentifier>
    </Filter>
    <Filter Include="Source\Engine">
      <UniqueIdentifier>{2b40fde2-653b-4345-adaa-07be7c05f92f}</UniqueIdentifier>
    </Filter>
    <Filter Include="Source\Engine\System">
      <UniqueIdentifier>{a2a044e3-1a75-4132-b5a3-72d5c00024f2}</UniqueIdentifier>
    </Filter>
    <Filter Include="Source\Engine\Shader">
      <UniqueIdentifier>{9789abc2-77ca-4e3c-abcf-829fd205341b}</UniqueIdentifier>
    </Filter>
    <Filter Include="Source\Scene">
      <UniqueIdentifier>{c82dfab5-3a52-40f8-a27a-239cd083336a}</UniqueIdentifier>
    </Filter>
    <Filter Include="Source\Scene\Play">
      <UniqueIdentifier>{0c31e633-005c-49b4-a1fc-1463694be8c2}</UniqueIdentifier>
    </Filter>
    <Filter Include="Source\Engine\Object">
      <UniqueIdentifier>{2b2bebbf-28f1-4439-94a2-1ff41068bf46}</UniqueIdentifier>
    </Filter>
  </ItemGroup>
  <ItemGroup>
    <ClCompile Include="Engine\Camera.cpp">
      <Filter>Source\Engine\System</Filter>
    </ClCompile>
    <ClCompile Include="Engine\Direct3D.cpp">
      <Filter>Source\Engine\System</Filter>
    </ClCompile>
    <ClCompile Include="Engine\Fbx.cpp">
      <Filter>Source\Engine\Object</Filter>
    </ClCompile>
    <ClCompile Include="Engine\Input.cpp">
      <Filter>Source\Engine\System</Filter>
    </ClCompile>
    <ClCompile Include="Engine\Quad.cpp">
      <Filter>Source\Engine\Object</Filter>
    </ClCompile>
    <ClCompile Include="Engine\Sprite.cpp">
      <Filter>Source\Engine\Object</Filter>
    </ClCompile>
    <ClCompile Include="Engine\Texture.cpp">
      <Filter>Source\Engine\Object</Filter>
    </ClCompile>
    <ClCompile Include="Engine\Transform.cpp">
      <Filter>Source\Engine\Object</Filter>
    </ClCompile>
    <ClCompile Include="WinMain.cpp">
      <Filter>Source</Filter>
    </ClCompile>
    <ClCompile Include="Engine\GameObject.cpp">
      <Filter>Source\Engine\System</Filter>
    </ClCompile>
    <ClCompile Include="Engine\RootJob.cpp">
      <Filter>Source\Engine\System</Filter>
    </ClCompile>
    <ClCompile Include="Player.cpp">
      <Filter>Source\Scene\Play</Filter>
    </ClCompile>
    <ClCompile Include="PlayScene.cpp">
      <Filter>Source\Scene\Play</Filter>
    </ClCompile>
    <ClCompile Include="ChildOden.cpp">
      <Filter>Source\Scene\Play</Filter>
    </ClCompile>
    <ClCompile Include="Model.cpp">
      <Filter>Source\Engine\Object</Filter>
    </ClCompile>
    <ClCompile Include="TestScene.cpp">
      <Filter>Source\Scene\Play</Filter>
    </ClCompile>
    <ClCompile Include="SceneManager.cpp">
      <Filter>Source\Engine\System</Filter>
    </ClCompile>
    <ClCompile Include="Enemy.cpp">
      <Filter>Source\Scene\Play</Filter>
    </ClCompile>
    <ClCompile Include="SphereCollider.cpp">
      <Filter>Source\Engine\Object</Filter>
    </ClCompile>
    <ClCompile Include="Debug.cpp">
      <Filter>Source\Engine\System</Filter>
    </ClCompile>
    <ClCompile Include="ClearScene.cpp">
      <Filter>Source\Scene\Play</Filter>
    </ClCompile>
    <ClCompile Include="OverScene.cpp">
      <Filter>Source\Scene\Play</Filter>
    </ClCompile>
    <ClCompile Include="ChildEnemy.cpp">
      <Filter>Source\Scene\Play</Filter>
    </ClCompile>
  </ItemGroup>
  <ItemGroup>
    <ClInclude Include="Engine\Camera.h">
      <Filter>Source\Engine\System</Filter>
    </ClInclude>
    <ClInclude Include="Engine\Define.h">
      <Filter>Source\Engine\System</Filter>
    </ClInclude>
    <ClInclude Include="Engine\Direct3D.h">
      <Filter>Source\Engine\System</Filter>
    </ClInclude>
    <ClInclude Include="Engine\Fbx.h">
      <Filter>Source\Engine\Object</Filter>
    </ClInclude>
    <ClInclude Include="Engine\Input.h">
      <Filter>Source\Engine\System</Filter>
    </ClInclude>
    <ClInclude Include="Engine\Quad.h">
      <Filter>Source\Engine\Object</Filter>
    </ClInclude>
    <ClInclude Include="Engine\Sprite.h">
      <Filter>Source\Engine\Object</Filter>
    </ClInclude>
    <ClInclude Include="Engine\Texture.h">
      <Filter>Source\Engine\Object</Filter>
    </ClInclude>
    <ClInclude Include="Engine\Transform.h">
      <Filter>Source\Engine\Object</Filter>
    </ClInclude>
    <ClInclude Include="Engine\GameObject.h">
      <Filter>Source\Engine\System</Filter>
    </ClInclude>
    <ClInclude Include="Engine\RootJob.h">
      <Filter>Source\Engine\System</Filter>
    </ClInclude>
    <ClInclude Include="Player.h">
      <Filter>Source\Scene\Play</Filter>
    </ClInclude>
    <ClInclude Include="PlayScene.h">
      <Filter>Source\Scene\Play</Filter>
    </ClInclude>
    <ClInclude Include="ChildOden.h">
      <Filter>Source\Scene\Play</Filter>
    </ClInclude>
    <ClInclude Include="Model.h">
      <Filter>Source\Engine\Object</Filter>
    </ClInclude>
    <ClInclude Include="TestScene.h">
      <Filter>Source\Scene\Play</Filter>
    </ClInclude>
    <ClInclude Include="SceneManager.h">
      <Filter>Source\Engine\System</Filter>
    </ClInclude>
    <ClInclude Include="Enemy.h">
      <Filter>Source\Scene\Play</Filter>
    </ClInclude>
    <ClInclude Include="SphereCollider.h">
      <Filter>Source\Engine\Object</Filter>
    </ClInclude>
    <ClInclude Include="Debug.h">
      <Filter>Source\Engine\System</Filter>
    </ClInclude>
    <ClInclude Include="ClearScene.h">
      <Filter>Source\Scene\Play</Filter>
    </ClInclude>
    <ClInclude Include="OverScene.h">
      <Filter>Source\Scene\Play</Filter>
    </ClInclude>
    <ClInclude Include="ChildEnemy.h">
      <Filter>Source\Scene\Play</Filter>
    </ClInclude>
  </ItemGroup>
  <ItemGroup>
    <FxCompile Include="Engine\Simple2D.hlsl">
      <Filter>Source\Engine\Shader</Filter>
    </FxCompile>
    <FxCompile Include="Engine\Simple3D.hlsl">
      <Filter>Source\Engine\Shader</Filter>
    </FxCompile>
  </ItemGroup>
  <ItemGroup>
    <None Include="packages.config">
      <Filter>Source\Engine\System</Filter>
    </None>
  </ItemGroup>
</Project>